{
  "projects": [
    {
      "projectId": "9Vr5YWkf3w7jj6SsTcCEta",
      "version": "0.11.0",
      "dependencies": {},
      "lang": "ts",
      "fileLocks": [
        {
          "assetId": "9Vr5YWkf3w7jj6SsTcCEta",
          "type": "projectCss",
          "checksum": "e1ec850476829c38b0f9b6d4f7ac446a"
        }
      ],
      "codegenVersion": "0.0.1"
    },
    {
      "projectId": "jkU633o1Cz7HrJdwdxhVHk",
      "version": "16.11.0",
      "dependencies": {},
      "lang": "ts",
      "fileLocks": [
        {
          "assetId": "jkU633o1Cz7HrJdwdxhVHk",
          "type": "projectCss",
          "checksum": "0581d4378bb1604bb5fe3f65bb0a37de"
        }
      ],
      "codegenVersion": "0.0.1"
    },
    {
      "projectId": "kS7YGZfVr6mU43XDQjXELc",
      "version": "0.16.0",
      "dependencies": {},
      "lang": "ts",
      "fileLocks": [
        {
          "assetId": "kS7YGZfVr6mU43XDQjXELc",
          "type": "projectCss",
          "checksum": "e1ec850476829c38b0f9b6d4f7ac446a"
        }
      ],
      "codegenVersion": "0.0.1"
    },
    {
      "projectId": "ohDidvG9XsCeFumugENU3J",
      "version": "6.26.0",
      "dependencies": {},
      "lang": "ts",
      "fileLocks": [
        {
          "assetId": "ohDidvG9XsCeFumugENU3J",
          "type": "projectCss",
          "checksum": "fd83b730367fdbde2c69bc6cf31c2a3c"
        },
        {
          "assetId": "ohDidvG9XsCeFumugENU3J",
          "checksum": "de0a0e65174a6a185a8f822af51c6bdd",
          "type": "globalContexts"
        }
      ],
      "codegenVersion": "0.0.1"
    },
    {
      "projectId": "btm2dnrunf38Pvbn4oHZBZ",
      "version": "latest",
      "dependencies": {
        "ohDidvG9XsCeFumugENU3J": "6.26.0",
        "kS7YGZfVr6mU43XDQjXELc": "0.16.0",
        "jkU633o1Cz7HrJdwdxhVHk": "16.11.0",
        "9Vr5YWkf3w7jj6SsTcCEta": "0.11.0",
        "caTPwKxj5ZrD9LQ7DMdK4Z": "3.38.0"
      },
      "lang": "ts",
      "fileLocks": [
        {
          "type": "globalVariant",
          "assetId": "-tmwSNpl95kx",
          "checksum": "d3917a9eeb2b5012ec7235ff4540bd5b"
        },
        {
          "assetId": "btm2dnrunf38Pvbn4oHZBZ",
          "checksum": "992b8164c826c08f9e8c29ffc05edffb",
          "type": "globalContexts"
        },
        {
          "type": "renderModule",
          "assetId": "loPEihEBpKKU",
          "checksum": "618979cdcae3aaece6f08fe099c0c2f3"
        },
        {
          "type": "cssRules",
          "assetId": "loPEihEBpKKU",
          "checksum": "618979cdcae3aaece6f08fe099c0c2f3"
        },
        {
          "type": "renderModule",
          "assetId": "RLZ-nptZF-cn",
          "checksum": "9d55f0b3cf41f85bdeea97441c30069e"
        },
        {
          "type": "cssRules",
          "assetId": "RLZ-nptZF-cn",
          "checksum": "9d55f0b3cf41f85bdeea97441c30069e"
        },
        {
          "type": "renderModule",
          "assetId": "iDbbi0a4qTew",
          "checksum": "cbc3dbe74c8e97daca7264212dadd0c2"
        },
        {
          "type": "cssRules",
          "assetId": "iDbbi0a4qTew",
          "checksum": "cbc3dbe74c8e97daca7264212dadd0c2"
        },
        {
          "type": "renderModule",
          "assetId": "MYtaPk7_T1YJ",
          "checksum": "2a38765ef9e8a4bdd5f84fa039824958"
        },
        {
          "type": "cssRules",
          "assetId": "MYtaPk7_T1YJ",
          "checksum": "2a38765ef9e8a4bdd5f84fa039824958"
        },
        {
          "type": "renderModule",
          "assetId": "cNhW0j82HfTQ",
          "checksum": "cb9ff9e98bdf47e00bbb2b63031d41dc"
        },
        {
          "type": "cssRules",
          "assetId": "cNhW0j82HfTQ",
          "checksum": "cb9ff9e98bdf47e00bbb2b63031d41dc"
        },
        {
          "type": "renderModule",
          "assetId": "oC-FqiwYQJ6W",
          "checksum": "1ab27af8718625bfe533856f9667e09d"
        },
        {
          "type": "cssRules",
          "assetId": "oC-FqiwYQJ6W",
          "checksum": "1ab27af8718625bfe533856f9667e09d"
        },
        {
          "type": "renderModule",
          "assetId": "D8GZ02q3EC1Y",
          "checksum": "ab604372464fe9841405f19b83182dd1"
        },
        {
          "type": "cssRules",
          "assetId": "D8GZ02q3EC1Y",
          "checksum": "ab604372464fe9841405f19b83182dd1"
        },
        {
          "type": "renderModule",
          "assetId": "uUUUReuL53S1",
          "checksum": "957ddcadc1cc3b6bdca29a2610d731a7"
        },
        {
          "type": "cssRules",
          "assetId": "uUUUReuL53S1",
          "checksum": "957ddcadc1cc3b6bdca29a2610d731a7"
        },
        {
          "type": "renderModule",
          "assetId": "SkVptVTMmmwE",
          "checksum": "e5321479479e9af180d347defb866031"
        },
        {
          "type": "cssRules",
          "assetId": "SkVptVTMmmwE",
          "checksum": "e5321479479e9af180d347defb866031"
        },
        {
          "type": "renderModule",
          "assetId": "WOlk3xDBsNxd",
          "checksum": "015aaf4040171d12e46a8469d6fff0cd"
        },
        {
          "type": "cssRules",
          "assetId": "WOlk3xDBsNxd",
          "checksum": "015aaf4040171d12e46a8469d6fff0cd"
        },
        {
          "type": "renderModule",
          "assetId": "tXpBQNoyzXVh",
          "checksum": "a91e1b8b17dbe23bf37e94cdbf6f4dbb"
        },
        {
          "type": "cssRules",
          "assetId": "tXpBQNoyzXVh",
          "checksum": "a91e1b8b17dbe23bf37e94cdbf6f4dbb"
        },
        {
          "type": "icon",
          "assetId": "cFEZNsxVeOk9",
          "checksum": "da1d6fc7e7b7427921b9db95a6eb40a7"
        },
        {
          "type": "icon",
          "assetId": "9qGX2EDtYe29",
          "checksum": "4397cd7e39f4ef3072842bc8e4853d1c"
        },
        {
          "type": "icon",
          "assetId": "g2D49ML4tnxH",
          "checksum": "04c583689ac66f3e0440fe056b2b6054"
        },
        {
          "type": "icon",
          "assetId": "_ywwZsxzqwh-",
          "checksum": "31b1e665d27875b388088d93864efe55"
        },
        {
          "type": "icon",
          "assetId": "A4qd3K04Blq3",
          "checksum": "7226e8fc3143daa95cbda989637a41e0"
        },
        {
          "type": "icon",
          "assetId": "uvf6BplucETp",
          "checksum": "93e97bf28c8deebc51ffe2dfd428225c"
        },
        {
          "type": "icon",
          "assetId": "xnJFbfL7aiMt",
          "checksum": "0003a30e495f8afef814462de7ff52d9"
        },
        {
          "type": "icon",
          "assetId": "XVCv8nvUwHN9",
          "checksum": "03a92f4f84061e829d335e5b2048b10a"
        },
        {
          "type": "icon",
          "assetId": "ww2EX6-AFn_a",
          "checksum": "d35713fa7cfbaa9011f3e4dcb98893a2"
        },
        {
          "type": "image",
          "assetId": "qhEBbuqIUufH",
          "checksum": "6a0c59db0fcde0f0c76a7fc50612cf05"
        },
        {
          "assetId": "btm2dnrunf38Pvbn4oHZBZ",
          "type": "projectCss",
          "checksum": "23607cb22ff9714e8f768179fd4365a4"
        },
        {
          "type": "renderModule",
          "assetId": "sP6qpyIt60U7",
          "checksum": "3fc7625d0d702673d87fd49a048b79cf"
        },
        {
          "type": "cssRules",
          "assetId": "sP6qpyIt60U7",
          "checksum": "3fc7625d0d702673d87fd49a048b79cf"
        }
      ],
      "codegenVersion": "0.0.1"
    },
    {
      "projectId": "caTPwKxj5ZrD9LQ7DMdK4Z",
      "version": "3.38.0",
      "dependencies": {},
      "lang": "ts",
      "fileLocks": [
        {
          "assetId": "caTPwKxj5ZrD9LQ7DMdK4Z",
          "type": "projectCss",
          "checksum": "e1ec850476829c38b0f9b6d4f7ac446a"
        }
      ],
      "codegenVersion": "0.0.1"
    }
  ],
  "cliVersion": "0.1.334"
}
